
Microsoft Visual Studio Solution File, Format Version 12.00
# Visual Studio 15
VisualStudioVersion = 15.0.27428.2037
MinimumVisualStudioVersion = 10.0.40219.1
Project("{FAE04EC0-301F-11D3-BF4B-00C04F79EFBC}") = "RedPackWS", "RedPackWS\RedPackWS.csproj", "{173807CB-F4B7-47DC-AAEB-D5EBA9686B5B}"
EndProject
Global
	GlobalSection(SolutionConfigurationPlatforms) = preSolution
		Debug|Any CPU = Debug|Any CPU
		Release|Any CPU = Release|Any CPU
	EndGlobalSection
	GlobalSection(ProjectConfigurationPlatforms) = postSolution
		{173807CB-F4B7-47DC-AAEB-D5EBA9686B5B}.Debug|Any CPU.ActiveCfg = Debug|Any CPU
		{173807CB-F4B7-47DC-AAEB-D5EBA9686B5B}.Debug|Any CPU.Build.0 = Debug|Any CPU
		{173807CB-F4B7-47DC-AAEB-D5EBA9686B5B}.Release|Any CPU.ActiveCfg = Release|Any CPU
		{173807CB-F4B7-47DC-AAEB-D5EBA9686B5B}.Release|Any CPU.Build.0 = Release|Any CPU
	EndGlobalSection
	GlobalSection(SolutionProperties) = preSolution
		HideSolutionNode = FALSE
	EndGlobalSection
	GlobalSection(ExtensibilityGlobals) = postSolution
		SolutionGuid = {88530620-F3B8-46DF-A428-5B51678285DF}
	EndGlobalSection
EndGlobal
